
Microsoft Visual Studio Solution File, Format Version 12.00
# Visual Studio 2015
Project("{FAE04EC0-301F-11D3-BF4B-00C04F79EFBC}") = "WIFI_is_Life", "WIFI_is_Life.csproj", "{27633F0F-B5AA-867A-9C08-CC00D2971BCF}"
EndProject
Global
	GlobalSection(SolutionConfigurationPlatforms) = preSolution
		Debug|Any CPU = Debug|Any CPU
		Release|Any CPU = Release|Any CPU
	EndGlobalSection
	GlobalSection(ProjectConfigurationPlatforms) = postSolution
		{27633F0F-B5AA-867A-9C08-CC00D2971BCF}.Debug|Any CPU.ActiveCfg = Debug|Any CPU
		{27633F0F-B5AA-867A-9C08-CC00D2971BCF}.Debug|Any CPU.Build.0 = Debug|Any CPU
		{27633F0F-B5AA-867A-9C08-CC00D2971BCF}.Release|Any CPU.ActiveCfg = Release|Any CPU
		{27633F0F-B5AA-867A-9C08-CC00D2971BCF}.Release|Any CPU.Build.0 = Release|Any CPU
	EndGlobalSection
	GlobalSection(SolutionProperties) = preSolution
		HideSolutionNode = FALSE
	EndGlobalSection
EndGlobal
